
Microsoft Visual Studio Solution File, Format Version 12.00
# Visual Studio Version 17
VisualStudioVersion = 17.4.33213.308
MinimumVisualStudioVersion = 10.0.40219.1
Project("{9A19103F-16F7-4668-BE54-9A1E7A4F7556}") = "TerminalProjectApi", "TerminalProjectApi\TerminalProjectApi.csproj", "{2F8BACE0-0BED-4537-96E3-5A3CAA8F59B4}"
EndProject
Project("{FAE04EC0-301F-11D3-BF4B-00C04F79EFBC}") = "Simulator", "Simulator\Simulator.csproj", "{E5FDB3D4-42AE-40AB-9CAF-656A248C7789}"
EndProject
Global
	GlobalSection(SolutionConfigurationPlatforms) = preSolution
		Debug|Any CPU = Debug|Any CPU
		Release|Any CPU = Release|Any CPU
	EndGlobalSection
	GlobalSection(ProjectConfigurationPlatforms) = postSolution
		{2F8BACE0-0BED-4537-96E3-5A3CAA8F59B4}.Debug|Any CPU.ActiveCfg = Debug|Any CPU
		{2F8BACE0-0BED-4537-96E3-5A3CAA8F59B4}.Debug|Any CPU.Build.0 = Debug|Any CPU
		{2F8BACE0-0BED-4537-96E3-5A3CAA8F59B4}.Release|Any CPU.ActiveCfg = Release|Any CPU
		{2F8BACE0-0BED-4537-96E3-5A3CAA8F59B4}.Release|Any CPU.Build.0 = Release|Any CPU
		{E5FDB3D4-42AE-40AB-9CAF-656A248C7789}.Debug|Any CPU.ActiveCfg = Debug|Any CPU
		{E5FDB3D4-42AE-40AB-9CAF-656A248C7789}.Debug|Any CPU.Build.0 = Debug|Any CPU
		{E5FDB3D4-42AE-40AB-9CAF-656A248C7789}.Release|Any CPU.ActiveCfg = Release|Any CPU
		{E5FDB3D4-42AE-40AB-9CAF-656A248C7789}.Release|Any CPU.Build.0 = Release|Any CPU
	EndGlobalSection
	GlobalSection(SolutionProperties) = preSolution
		HideSolutionNode = FALSE
	EndGlobalSection
	GlobalSection(ExtensibilityGlobals) = postSolution
		SolutionGuid = {2D6F1D3C-3821-4956-A41B-5D88D2DB3504}
	EndGlobalSection
EndGlobal
